
Microsoft Visual Studio Solution File, Format Version 12.00
# Visual Studio Version 17
VisualStudioVersion = 17.6.33717.318
MinimumVisualStudioVersion = 10.0.40219.1
Project("{9A19103F-16F7-4668-BE54-9A1E7A4F7556}") = "TaskManager", "TaskManager\TaskManager.csproj", "{95D02763-E680-4A0E-A077-E89F2857D637}"
EndProject
Project("{9A19103F-16F7-4668-BE54-9A1E7A4F7556}") = "TaskManager.Data", "TaskManager.Data\TaskManager.Data.csproj", "{7DFF6624-CE54-4A29-92E4-F50FB8376C49}"
EndProject
Project("{FAE04EC0-301F-11D3-BF4B-00C04F79EFBC}") = "TaskManager.Test", "TaskManager.Test\TaskManager.Test.csproj", "{DC97CCD5-DC3C-4E9A-B951-A85947E20812}"
EndProject
Global
	GlobalSection(SolutionConfigurationPlatforms) = preSolution
		Debug|Any CPU = Debug|Any CPU
		Release|Any CPU = Release|Any CPU
	EndGlobalSection
	GlobalSection(ProjectConfigurationPlatforms) = postSolution
		{95D02763-E680-4A0E-A077-E89F2857D637}.Debug|Any CPU.ActiveCfg = Debug|Any CPU
		{95D02763-E680-4A0E-A077-E89F2857D637}.Debug|Any CPU.Build.0 = Debug|Any CPU
		{95D02763-E680-4A0E-A077-E89F2857D637}.Release|Any CPU.ActiveCfg = Release|Any CPU
		{95D02763-E680-4A0E-A077-E89F2857D637}.Release|Any CPU.Build.0 = Release|Any CPU
		{7DFF6624-CE54-4A29-92E4-F50FB8376C49}.Debug|Any CPU.ActiveCfg = Debug|Any CPU
		{7DFF6624-CE54-4A29-92E4-F50FB8376C49}.Debug|Any CPU.Build.0 = Debug|Any CPU
		{7DFF6624-CE54-4A29-92E4-F50FB8376C49}.Release|Any CPU.ActiveCfg = Release|Any CPU
		{7DFF6624-CE54-4A29-92E4-F50FB8376C49}.Release|Any CPU.Build.0 = Release|Any CPU
		{DC97CCD5-DC3C-4E9A-B951-A85947E20812}.Debug|Any CPU.ActiveCfg = Debug|Any CPU
		{DC97CCD5-DC3C-4E9A-B951-A85947E20812}.Debug|Any CPU.Build.0 = Debug|Any CPU
		{DC97CCD5-DC3C-4E9A-B951-A85947E20812}.Release|Any CPU.ActiveCfg = Release|Any CPU
		{DC97CCD5-DC3C-4E9A-B951-A85947E20812}.Release|Any CPU.Build.0 = Release|Any CPU
	EndGlobalSection
	GlobalSection(SolutionProperties) = preSolution
		HideSolutionNode = FALSE
	EndGlobalSection
	GlobalSection(ExtensibilityGlobals) = postSolution
		SolutionGuid = {A67A6853-D3E8-4F7E-BB18-85BB06212DD6}
	EndGlobalSection
EndGlobal
